
Microsoft Visual Studio Solution File, Format Version 12.00
Project("{FAE04EC0-301F-11D3-BF4B-00C04F79EFBC}") = "HepsiburadaMarsRover.Business", "src\HepsiburadaMarsRover.Business\HepsiburadaMarsRover.Business.csproj", "{AA573F12-1DA2-4789-8F23-DE17D428F2CD}"
EndProject
Project("{FAE04EC0-301F-11D3-BF4B-00C04F79EFBC}") = "HepsiburadaMarsRover.Entity", "src\HepsiburadaMarsRover.Entity\HepsiburadaMarsRover.Entity.csproj", "{54313CC9-C6FD-4E17-950F-8E5A077EC8DD}"
EndProject
Project("{FAE04EC0-301F-11D3-BF4B-00C04F79EFBC}") = "HepsiburadaMarsRover.Test", "src\HepsiburadaMarsRover.Test\HepsiburadaMarsRover.Test.csproj", "{1B4D1CC3-F20F-405C-BEF9-380C557B3007}"
EndProject
Project("{FAE04EC0-301F-11D3-BF4B-00C04F79EFBC}") = "HepsiburadaMarsRover.ConsoleApp", "src\HepsiburadaMarsRover.ConsoleApp\HepsiburadaMarsRover.ConsoleApp.csproj", "{0BC5A663-0999-4AFA-BA48-1958A3FDC03C}"
EndProject
Global
	GlobalSection(SolutionConfigurationPlatforms) = preSolution
		Debug|Any CPU = Debug|Any CPU
		Release|Any CPU = Release|Any CPU
	EndGlobalSection
	GlobalSection(ProjectConfigurationPlatforms) = postSolution
		{AA573F12-1DA2-4789-8F23-DE17D428F2CD}.Debug|Any CPU.ActiveCfg = Debug|Any CPU
		{AA573F12-1DA2-4789-8F23-DE17D428F2CD}.Debug|Any CPU.Build.0 = Debug|Any CPU
		{AA573F12-1DA2-4789-8F23-DE17D428F2CD}.Release|Any CPU.ActiveCfg = Release|Any CPU
		{AA573F12-1DA2-4789-8F23-DE17D428F2CD}.Release|Any CPU.Build.0 = Release|Any CPU
		{54313CC9-C6FD-4E17-950F-8E5A077EC8DD}.Debug|Any CPU.ActiveCfg = Debug|Any CPU
		{54313CC9-C6FD-4E17-950F-8E5A077EC8DD}.Debug|Any CPU.Build.0 = Debug|Any CPU
		{54313CC9-C6FD-4E17-950F-8E5A077EC8DD}.Release|Any CPU.ActiveCfg = Release|Any CPU
		{54313CC9-C6FD-4E17-950F-8E5A077EC8DD}.Release|Any CPU.Build.0 = Release|Any CPU
		{1B4D1CC3-F20F-405C-BEF9-380C557B3007}.Debug|Any CPU.ActiveCfg = Debug|Any CPU
		{1B4D1CC3-F20F-405C-BEF9-380C557B3007}.Debug|Any CPU.Build.0 = Debug|Any CPU
		{1B4D1CC3-F20F-405C-BEF9-380C557B3007}.Release|Any CPU.ActiveCfg = Release|Any CPU
		{1B4D1CC3-F20F-405C-BEF9-380C557B3007}.Release|Any CPU.Build.0 = Release|Any CPU
		{0BC5A663-0999-4AFA-BA48-1958A3FDC03C}.Debug|Any CPU.ActiveCfg = Debug|Any CPU
		{0BC5A663-0999-4AFA-BA48-1958A3FDC03C}.Debug|Any CPU.Build.0 = Debug|Any CPU
		{0BC5A663-0999-4AFA-BA48-1958A3FDC03C}.Release|Any CPU.ActiveCfg = Release|Any CPU
		{0BC5A663-0999-4AFA-BA48-1958A3FDC03C}.Release|Any CPU.Build.0 = Release|Any CPU
	EndGlobalSection
EndGlobal
